
Microsoft Visual Studio Solution File, Format Version 12.00
# Visual Studio Version 17
Project("{2150E333-8FDC-42A3-9474-1A3956D46DE8}") = "CMakePredefinedTargets", "CMakePredefinedTargets", "{5EB8B8C7-A9D2-393F-AAA5-95D16D0A7CCB}"
EndProject
Project("{2150E333-8FDC-42A3-9474-1A3956D46DE8}") = "GLFW3", "GLFW3", "{39E15B54-3704-372E-9E8E-5DF66DDAA1D2}"
EndProject
Project("{8BC9CEB8-8B4A-11D0-8D11-00A0C91BC942}") = "ALL_BUILD", "ALL_BUILD.vcxproj", "{20D1D36E-2D34-37F5-B37D-F5662F569B3D}"
	ProjectSection(ProjectDependencies) = postProject
		{7562F242-2624-3F07-99D6-61476B15546C} = {7562F242-2624-3F07-99D6-61476B15546C}
		{41306A42-2D11-36D4-8C1F-440300846168} = {41306A42-2D11-36D4-8C1F-440300846168}
		{68280076-8CC1-3A9C-9DDD-05B138C7566B} = {68280076-8CC1-3A9C-9DDD-05B138C7566B}
		{7AB2D289-9A3B-3E48-A9CF-D45D1DE054E9} = {7AB2D289-9A3B-3E48-A9CF-D45D1DE054E9}
		{43F8BA92-DD86-37B6-B478-BBE3B33A9B2E} = {43F8BA92-DD86-37B6-B478-BBE3B33A9B2E}
		{50C00A76-7FD3-3291-9CF2-F251E0037C53} = {50C00A76-7FD3-3291-9CF2-F251E0037C53}
		{8251E4D7-8C48-31D1-B57E-AB8ECD6CFA2B} = {8251E4D7-8C48-31D1-B57E-AB8ECD6CFA2B}
		{2BF568D7-AEE7-31E9-A81D-410273C0191E} = {2BF568D7-AEE7-31E9-A81D-410273C0191E}
	EndProjectSection
EndProject
Project("{8BC9CEB8-8B4A-11D0-8D11-00A0C91BC942}") = "AudioTest", "AudioTest.vcxproj", "{7562F242-2624-3F07-99D6-61476B15546C}"
	ProjectSection(ProjectDependencies) = postProject
		{68280076-8CC1-3A9C-9DDD-05B138C7566B} = {68280076-8CC1-3A9C-9DDD-05B138C7566B}
	EndProjectSection
EndProject
Project("{8BC9CEB8-8B4A-11D0-8D11-00A0C91BC942}") = "INSTALL", "INSTALL.vcxproj", "{4DA828E3-CCF9-344D-8496-2244A01CC966}"
	ProjectSection(ProjectDependencies) = postProject
		{20D1D36E-2D34-37F5-B37D-F5662F569B3D} = {20D1D36E-2D34-37F5-B37D-F5662F569B3D}
		{68280076-8CC1-3A9C-9DDD-05B138C7566B} = {68280076-8CC1-3A9C-9DDD-05B138C7566B}
	EndProjectSection
EndProject
Project("{8BC9CEB8-8B4A-11D0-8D11-00A0C91BC942}") = "NeonGlyph", "NeonGlyph.vcxproj", "{41306A42-2D11-36D4-8C1F-440300846168}"
	ProjectSection(ProjectDependencies) = postProject
		{68280076-8CC1-3A9C-9DDD-05B138C7566B} = {68280076-8CC1-3A9C-9DDD-05B138C7566B}
		{50C00A76-7FD3-3291-9CF2-F251E0037C53} = {50C00A76-7FD3-3291-9CF2-F251E0037C53}
	EndProjectSection
EndProject
Project("{8BC9CEB8-8B4A-11D0-8D11-00A0C91BC942}") = "PACKAGE", "PACKAGE.vcxproj", "{9CA0131D-2A78-344C-B082-0B74A692E719}"
	ProjectSection(ProjectDependencies) = postProject
		{20D1D36E-2D34-37F5-B37D-F5662F569B3D} = {20D1D36E-2D34-37F5-B37D-F5662F569B3D}
		{68280076-8CC1-3A9C-9DDD-05B138C7566B} = {68280076-8CC1-3A9C-9DDD-05B138C7566B}
	EndProjectSection
EndProject
Project("{8BC9CEB8-8B4A-11D0-8D11-00A0C91BC942}") = "ZERO_CHECK", "ZERO_CHECK.vcxproj", "{68280076-8CC1-3A9C-9DDD-05B138C7566B}"
	ProjectSection(ProjectDependencies) = postProject
	EndProjectSection
EndProject
Project("{8BC9CEB8-8B4A-11D0-8D11-00A0C91BC942}") = "ascii_font_atlas_test", "ascii_font_atlas_test.vcxproj", "{7AB2D289-9A3B-3E48-A9CF-D45D1DE054E9}"
	ProjectSection(ProjectDependencies) = postProject
		{68280076-8CC1-3A9C-9DDD-05B138C7566B} = {68280076-8CC1-3A9C-9DDD-05B138C7566B}
	EndProjectSection
EndProject
Project("{8BC9CEB8-8B4A-11D0-8D11-00A0C91BC942}") = "e2e_test", "e2e_test.vcxproj", "{43F8BA92-DD86-37B6-B478-BBE3B33A9B2E}"
	ProjectSection(ProjectDependencies) = postProject
		{68280076-8CC1-3A9C-9DDD-05B138C7566B} = {68280076-8CC1-3A9C-9DDD-05B138C7566B}
	EndProjectSection
EndProject
Project("{8BC9CEB8-8B4A-11D0-8D11-00A0C91BC942}") = "glfw", "_deps\glfw-build\src\glfw.vcxproj", "{50C00A76-7FD3-3291-9CF2-F251E0037C53}"
	ProjectSection(ProjectDependencies) = postProject
		{68280076-8CC1-3A9C-9DDD-05B138C7566B} = {68280076-8CC1-3A9C-9DDD-05B138C7566B}
	EndProjectSection
EndProject
Project("{8BC9CEB8-8B4A-11D0-8D11-00A0C91BC942}") = "gpu_pipeline_test", "gpu_pipeline_test.vcxproj", "{8251E4D7-8C48-31D1-B57E-AB8ECD6CFA2B}"
	ProjectSection(ProjectDependencies) = postProject
		{68280076-8CC1-3A9C-9DDD-05B138C7566B} = {68280076-8CC1-3A9C-9DDD-05B138C7566B}
	EndProjectSection
EndProject
Project("{8BC9CEB8-8B4A-11D0-8D11-00A0C91BC942}") = "runtime_logic_tests", "runtime_logic_tests.vcxproj", "{2BF568D7-AEE7-31E9-A81D-410273C0191E}"
	ProjectSection(ProjectDependencies) = postProject
		{68280076-8CC1-3A9C-9DDD-05B138C7566B} = {68280076-8CC1-3A9C-9DDD-05B138C7566B}
	EndProjectSection
EndProject
Project("{8BC9CEB8-8B4A-11D0-8D11-00A0C91BC942}") = "uninstall", "_deps\glfw-build\uninstall.vcxproj", "{EC8C89BE-2A95-3D27-8D55-2C72997EB0EC}"
	ProjectSection(ProjectDependencies) = postProject
		{68280076-8CC1-3A9C-9DDD-05B138C7566B} = {68280076-8CC1-3A9C-9DDD-05B138C7566B}
	EndProjectSection
EndProject
Project("{8BC9CEB8-8B4A-11D0-8D11-00A0C91BC942}") = "update_mappings", "_deps\glfw-build\src\update_mappings.vcxproj", "{8F1355F2-27ED-36BC-9480-BE5F893FB4EB}"
	ProjectSection(ProjectDependencies) = postProject
		{68280076-8CC1-3A9C-9DDD-05B138C7566B} = {68280076-8CC1-3A9C-9DDD-05B138C7566B}
	EndProjectSection
EndProject
Global
	GlobalSection(SolutionConfigurationPlatforms) = preSolution
		Debug|x64 = Debug|x64
		Release|x64 = Release|x64
		MinSizeRel|x64 = MinSizeRel|x64
		RelWithDebInfo|x64 = RelWithDebInfo|x64
	EndGlobalSection
	GlobalSection(ProjectConfigurationPlatforms) = postSolution
		{20D1D36E-2D34-37F5-B37D-F5662F569B3D}.Debug|x64.ActiveCfg = Debug|x64
		{20D1D36E-2D34-37F5-B37D-F5662F569B3D}.Debug|x64.Build.0 = Debug|x64
		{20D1D36E-2D34-37F5-B37D-F5662F569B3D}.Release|x64.ActiveCfg = Release|x64
		{20D1D36E-2D34-37F5-B37D-F5662F569B3D}.Release|x64.Build.0 = Release|x64
		{20D1D36E-2D34-37F5-B37D-F5662F569B3D}.MinSizeRel|x64.ActiveCfg = MinSizeRel|x64
		{20D1D36E-2D34-37F5-B37D-F5662F569B3D}.MinSizeRel|x64.Build.0 = MinSizeRel|x64
		{20D1D36E-2D34-37F5-B37D-F5662F569B3D}.RelWithDebInfo|x64.ActiveCfg = RelWithDebInfo|x64
		{20D1D36E-2D34-37F5-B37D-F5662F569B3D}.RelWithDebInfo|x64.Build.0 = RelWithDebInfo|x64
		{7562F242-2624-3F07-99D6-61476B15546C}.Debug|x64.ActiveCfg = Debug|x64
		{7562F242-2624-3F07-99D6-61476B15546C}.Debug|x64.Build.0 = Debug|x64
		{7562F242-2624-3F07-99D6-61476B15546C}.Release|x64.ActiveCfg = Release|x64
		{7562F242-2624-3F07-99D6-61476B15546C}.Release|x64.Build.0 = Release|x64
		{7562F242-2624-3F07-99D6-61476B15546C}.MinSizeRel|x64.ActiveCfg = MinSizeRel|x64
		{7562F242-2624-3F07-99D6-61476B15546C}.MinSizeRel|x64.Build.0 = MinSizeRel|x64
		{7562F242-2624-3F07-99D6-61476B15546C}.RelWithDebInfo|x64.ActiveCfg = RelWithDebInfo|x64
		{7562F242-2624-3F07-99D6-61476B15546C}.RelWithDebInfo|x64.Build.0 = RelWithDebInfo|x64
		{4DA828E3-CCF9-344D-8496-2244A01CC966}.Debug|x64.ActiveCfg = Debug|x64
		{4DA828E3-CCF9-344D-8496-2244A01CC966}.Release|x64.ActiveCfg = Release|x64
		{4DA828E3-CCF9-344D-8496-2244A01CC966}.MinSizeRel|x64.ActiveCfg = MinSizeRel|x64
		{4DA828E3-CCF9-344D-8496-2244A01CC966}.RelWithDebInfo|x64.ActiveCfg = RelWithDebInfo|x64
		{41306A42-2D11-36D4-8C1F-440300846168}.Debug|x64.ActiveCfg = Debug|x64
		{41306A42-2D11-36D4-8C1F-440300846168}.Debug|x64.Build.0 = Debug|x64
		{41306A42-2D11-36D4-8C1F-440300846168}.Release|x64.ActiveCfg = Release|x64
		{41306A42-2D11-36D4-8C1F-440300846168}.Release|x64.Build.0 = Release|x64
		{41306A42-2D11-36D4-8C1F-440300846168}.MinSizeRel|x64.ActiveCfg = MinSizeRel|x64
		{41306A42-2D11-36D4-8C1F-440300846168}.MinSizeRel|x64.Build.0 = MinSizeRel|x64
		{41306A42-2D11-36D4-8C1F-440300846168}.RelWithDebInfo|x64.ActiveCfg = RelWithDebInfo|x64
		{41306A42-2D11-36D4-8C1F-440300846168}.RelWithDebInfo|x64.Build.0 = RelWithDebInfo|x64
		{9CA0131D-2A78-344C-B082-0B74A692E719}.Debug|x64.ActiveCfg = Debug|x64
		{9CA0131D-2A78-344C-B082-0B74A692E719}.Release|x64.ActiveCfg = Release|x64
		{9CA0131D-2A78-344C-B082-0B74A692E719}.MinSizeRel|x64.ActiveCfg = MinSizeRel|x64
		{9CA0131D-2A78-344C-B082-0B74A692E719}.RelWithDebInfo|x64.ActiveCfg = RelWithDebInfo|x64
		{68280076-8CC1-3A9C-9DDD-05B138C7566B}.Debug|x64.ActiveCfg = Debug|x64
		{68280076-8CC1-3A9C-9DDD-05B138C7566B}.Debug|x64.Build.0 = Debug|x64
		{68280076-8CC1-3A9C-9DDD-05B138C7566B}.Release|x64.ActiveCfg = Release|x64
		{68280076-8CC1-3A9C-9DDD-05B138C7566B}.Release|x64.Build.0 = Release|x64
		{68280076-8CC1-3A9C-9DDD-05B138C7566B}.MinSizeRel|x64.ActiveCfg = MinSizeRel|x64
		{68280076-8CC1-3A9C-9DDD-05B138C7566B}.MinSizeRel|x64.Build.0 = MinSizeRel|x64
		{68280076-8CC1-3A9C-9DDD-05B138C7566B}.RelWithDebInfo|x64.ActiveCfg = RelWithDebInfo|x64
		{68280076-8CC1-3A9C-9DDD-05B138C7566B}.RelWithDebInfo|x64.Build.0 = RelWithDebInfo|x64
		{7AB2D289-9A3B-3E48-A9CF-D45D1DE054E9}.Debug|x64.ActiveCfg = Debug|x64
		{7AB2D289-9A3B-3E48-A9CF-D45D1DE054E9}.Debug|x64.Build.0 = Debug|x64
		{7AB2D289-9A3B-3E48-A9CF-D45D1DE054E9}.Release|x64.ActiveCfg = Release|x64
		{7AB2D289-9A3B-3E48-A9CF-D45D1DE054E9}.Release|x64.Build.0 = Release|x64
		{7AB2D289-9A3B-3E48-A9CF-D45D1DE054E9}.MinSizeRel|x64.ActiveCfg = MinSizeRel|x64
		{7AB2D289-9A3B-3E48-A9CF-D45D1DE054E9}.MinSizeRel|x64.Build.0 = MinSizeRel|x64
		{7AB2D289-9A3B-3E48-A9CF-D45D1DE054E9}.RelWithDebInfo|x64.ActiveCfg = RelWithDebInfo|x64
		{7AB2D289-9A3B-3E48-A9CF-D45D1DE054E9}.RelWithDebInfo|x64.Build.0 = RelWithDebInfo|x64
		{43F8BA92-DD86-37B6-B478-BBE3B33A9B2E}.Debug|x64.ActiveCfg = Debug|x64
		{43F8BA92-DD86-37B6-B478-BBE3B33A9B2E}.Debug|x64.Build.0 = Debug|x64
		{43F8BA92-DD86-37B6-B478-BBE3B33A9B2E}.Release|x64.ActiveCfg = Release|x64
		{43F8BA92-DD86-37B6-B478-BBE3B33A9B2E}.Release|x64.Build.0 = Release|x64
		{43F8BA92-DD86-37B6-B478-BBE3B33A9B2E}.MinSizeRel|x64.ActiveCfg = MinSizeRel|x64
		{43F8BA92-DD86-37B6-B478-BBE3B33A9B2E}.MinSizeRel|x64.Build.0 = MinSizeRel|x64
		{43F8BA92-DD86-37B6-B478-BBE3B33A9B2E}.RelWithDebInfo|x64.ActiveCfg = RelWithDebInfo|x64
		{43F8BA92-DD86-37B6-B478-BBE3B33A9B2E}.RelWithDebInfo|x64.Build.0 = RelWithDebInfo|x64
		{50C00A76-7FD3-3291-9CF2-F251E0037C53}.Debug|x64.ActiveCfg = Debug|x64
		{50C00A76-7FD3-3291-9CF2-F251E0037C53}.Debug|x64.Build.0 = Debug|x64
		{50C00A76-7FD3-3291-9CF2-F251E0037C53}.Release|x64.ActiveCfg = Release|x64
		{50C00A76-7FD3-3291-9CF2-F251E0037C53}.Release|x64.Build.0 = Release|x64
		{50C00A76-7FD3-3291-9CF2-F251E0037C53}.MinSizeRel|x64.ActiveCfg = MinSizeRel|x64
		{50C00A76-7FD3-3291-9CF2-F251E0037C53}.MinSizeRel|x64.Build.0 = MinSizeRel|x64
		{50C00A76-7FD3-3291-9CF2-F251E0037C53}.RelWithDebInfo|x64.ActiveCfg = RelWithDebInfo|x64
		{50C00A76-7FD3-3291-9CF2-F251E0037C53}.RelWithDebInfo|x64.Build.0 = RelWithDebInfo|x64
		{8251E4D7-8C48-31D1-B57E-AB8ECD6CFA2B}.Debug|x64.ActiveCfg = Debug|x64
		{8251E4D7-8C48-31D1-B57E-AB8ECD6CFA2B}.Debug|x64.Build.0 = Debug|x64
		{8251E4D7-8C48-31D1-B57E-AB8ECD6CFA2B}.Release|x64.ActiveCfg = Release|x64
		{8251E4D7-8C48-31D1-B57E-AB8ECD6CFA2B}.Release|x64.Build.0 = Release|x64
		{8251E4D7-8C48-31D1-B57E-AB8ECD6CFA2B}.MinSizeRel|x64.ActiveCfg = MinSizeRel|x64
		{8251E4D7-8C48-31D1-B57E-AB8ECD6CFA2B}.MinSizeRel|x64.Build.0 = MinSizeRel|x64
		{8251E4D7-8C48-31D1-B57E-AB8ECD6CFA2B}.RelWithDebInfo|x64.ActiveCfg = RelWithDebInfo|x64
		{8251E4D7-8C48-31D1-B57E-AB8ECD6CFA2B}.RelWithDebInfo|x64.Build.0 = RelWithDebInfo|x64
		{2BF568D7-AEE7-31E9-A81D-410273C0191E}.Debug|x64.ActiveCfg = Debug|x64
		{2BF568D7-AEE7-31E9-A81D-410273C0191E}.Debug|x64.Build.0 = Debug|x64
		{2BF568D7-AEE7-31E9-A81D-410273C0191E}.Release|x64.ActiveCfg = Release|x64
		{2BF568D7-AEE7-31E9-A81D-410273C0191E}.Release|x64.Build.0 = Release|x64
		{2BF568D7-AEE7-31E9-A81D-410273C0191E}.MinSizeRel|x64.ActiveCfg = MinSizeRel|x64
		{2BF568D7-AEE7-31E9-A81D-410273C0191E}.MinSizeRel|x64.Build.0 = MinSizeRel|x64
		{2BF568D7-AEE7-31E9-A81D-410273C0191E}.RelWithDebInfo|x64.ActiveCfg = RelWithDebInfo|x64
		{2BF568D7-AEE7-31E9-A81D-410273C0191E}.RelWithDebInfo|x64.Build.0 = RelWithDebInfo|x64
		{EC8C89BE-2A95-3D27-8D55-2C72997EB0EC}.Debug|x64.ActiveCfg = Debug|x64
		{EC8C89BE-2A95-3D27-8D55-2C72997EB0EC}.Release|x64.ActiveCfg = Release|x64
		{EC8C89BE-2A95-3D27-8D55-2C72997EB0EC}.MinSizeRel|x64.ActiveCfg = MinSizeRel|x64
		{EC8C89BE-2A95-3D27-8D55-2C72997EB0EC}.RelWithDebInfo|x64.ActiveCfg = RelWithDebInfo|x64
		{8F1355F2-27ED-36BC-9480-BE5F893FB4EB}.Debug|x64.ActiveCfg = Debug|x64
		{8F1355F2-27ED-36BC-9480-BE5F893FB4EB}.Release|x64.ActiveCfg = Release|x64
		{8F1355F2-27ED-36BC-9480-BE5F893FB4EB}.MinSizeRel|x64.ActiveCfg = MinSizeRel|x64
		{8F1355F2-27ED-36BC-9480-BE5F893FB4EB}.RelWithDebInfo|x64.ActiveCfg = RelWithDebInfo|x64
	EndGlobalSection
	GlobalSection(NestedProjects) = preSolution
		{20D1D36E-2D34-37F5-B37D-F5662F569B3D} = {5EB8B8C7-A9D2-393F-AAA5-95D16D0A7CCB}
		{4DA828E3-CCF9-344D-8496-2244A01CC966} = {5EB8B8C7-A9D2-393F-AAA5-95D16D0A7CCB}
		{9CA0131D-2A78-344C-B082-0B74A692E719} = {5EB8B8C7-A9D2-393F-AAA5-95D16D0A7CCB}
		{68280076-8CC1-3A9C-9DDD-05B138C7566B} = {5EB8B8C7-A9D2-393F-AAA5-95D16D0A7CCB}
		{50C00A76-7FD3-3291-9CF2-F251E0037C53} = {39E15B54-3704-372E-9E8E-5DF66DDAA1D2}
		{EC8C89BE-2A95-3D27-8D55-2C72997EB0EC} = {39E15B54-3704-372E-9E8E-5DF66DDAA1D2}
		{8F1355F2-27ED-36BC-9480-BE5F893FB4EB} = {39E15B54-3704-372E-9E8E-5DF66DDAA1D2}
	EndGlobalSection
	GlobalSection(ExtensibilityGlobals) = postSolution
		SolutionGuid = {9DD01E98-C2E7-31DB-9150-3F66F2C59E97}
	EndGlobalSection
	GlobalSection(ExtensibilityAddIns) = postSolution
	EndGlobalSection
EndGlobal
