<?xml version="1.0" encoding="utf-8"?>
<Project ToolsVersion="17.0" xmlns="http://schemas.microsoft.com/developer/msbuild/2003">
  <ItemGroup>
    <ClCompile Include="C:\Users\chrom\Documents\trae_projects\ASCIi\tests\thread_lifecycle_tests.cpp">
      <Filter>Source Files</Filter>
    </ClCompile>
    <ClCompile Include="C:\Users\chrom\Documents\trae_projects\ASCIi\src\chaos\FailureModeAnalysis.cpp">
      <Filter>Source Files</Filter>
    </ClCompile>
  </ItemGroup>
  <ItemGroup>
    <CustomBuild Include="C:\Users\chrom\Documents\trae_projects\ASCIi\CMakeLists.txt" />
  </ItemGroup>
  <ItemGroup>
    <Filter Include="Source Files">
      <UniqueIdentifier>{0400E6E1-B3B2-322D-93A8-346A21F40B10}</UniqueIdentifier>
    </Filter>
  </ItemGroup>
</Project>
